
Microsoft Visual Studio Solution File, Format Version 11.00
# Visual Studio 2010
Project("{FAE04EC0-301F-11D3-BF4B-00C04F79EFBC}") = "ProgrammingAssignment2", "ProgrammingAssignment2.csproj", "{0194956E-B4AB-4B02-A419-C8EF6A305B16}"
EndProject
Global
	GlobalSection(SolutionConfigurationPlatforms) = preSolution
		Debug|x86 = Debug|x86
		Release|x86 = Release|x86
	EndGlobalSection
	GlobalSection(ProjectConfigurationPlatforms) = postSolution
		{0194956E-B4AB-4B02-A419-C8EF6A305B16}.Debug|x86.ActiveCfg = Debug|x86
		{0194956E-B4AB-4B02-A419-C8EF6A305B16}.Debug|x86.Build.0 = Debug|x86
		{0194956E-B4AB-4B02-A419-C8EF6A305B16}.Release|x86.ActiveCfg = Release|x86
		{0194956E-B4AB-4B02-A419-C8EF6A305B16}.Release|x86.Build.0 = Release|x86
	EndGlobalSection
EndGlobal
